
Microsoft Visual Studio Solution File, Format Version 12.00
# Visual Studio 15
VisualStudioVersion = 15.0.28307.136
MinimumVisualStudioVersion = 10.0.40219.1
Project("{FAE04EC0-301F-11D3-BF4B-00C04F79EFBC}") = "Labb2.Android", "Labb2\Labb2.Android\Labb2.Android.csproj", "{74D34D2F-6928-45EF-8664-92F27D6D334A}"
EndProject
Project("{FAE04EC0-301F-11D3-BF4B-00C04F79EFBC}") = "Labb2.iOS", "Labb2\Labb2.iOS\Labb2.iOS.csproj", "{72472636-6415-4384-BF06-91EAF0C5C0DB}"
EndProject
Project("{FAE04EC0-301F-11D3-BF4B-00C04F79EFBC}") = "Labb2.UWP", "Labb2\Labb2.UWP\Labb2.UWP.csproj", "{71A73C27-7539-4A67-B6E6-02FA115AC016}"
EndProject
Project("{FAE04EC0-301F-11D3-BF4B-00C04F79EFBC}") = "Labb2", "Labb2\Labb2\Labb2.csproj", "{390C20A7-A370-4276-8984-F570C42BEE4B}"
EndProject
Global
	GlobalSection(SolutionConfigurationPlatforms) = preSolution
		Ad-Hoc|Any CPU = Ad-Hoc|Any CPU
		Ad-Hoc|ARM = Ad-Hoc|ARM
		Ad-Hoc|iPhone = Ad-Hoc|iPhone
		Ad-Hoc|iPhoneSimulator = Ad-Hoc|iPhoneSimulator
		Ad-Hoc|x64 = Ad-Hoc|x64
		Ad-Hoc|x86 = Ad-Hoc|x86
		AppStore|Any CPU = AppStore|Any CPU
		AppStore|ARM = AppStore|ARM
		AppStore|iPhone = AppStore|iPhone
		AppStore|iPhoneSimulator = AppStore|iPhoneSimulator
		AppStore|x64 = AppStore|x64
		AppStore|x86 = AppStore|x86
		Debug|Any CPU = Debug|Any CPU
		Debug|ARM = Debug|ARM
		Debug|iPhone = Debug|iPhone
		Debug|iPhoneSimulator = Debug|iPhoneSimulator
		Debug|x64 = Debug|x64
		Debug|x86 = Debug|x86
		Release|Any CPU = Release|Any CPU
		Release|ARM = Release|ARM
		Release|iPhone = Release|iPhone
		Release|iPhoneSimulator = Release|iPhoneSimulator
		Release|x64 = Release|x64
		Release|x86 = Release|x86
	EndGlobalSection
	GlobalSection(ProjectConfigurationPlatforms) = postSolution
		{74D34D2F-6928-45EF-8664-92F27D6D334A}.Ad-Hoc|Any CPU.ActiveCfg = Release|Any CPU
		{74D34D2F-6928-45EF-8664-92F27D6D334A}.Ad-Hoc|Any CPU.Build.0 = Release|Any CPU
		{74D34D2F-6928-45EF-8664-92F27D6D334A}.Ad-Hoc|Any CPU.Deploy.0 = Release|Any CPU
		{74D34D2F-6928-45EF-8664-92F27D6D334A}.Ad-Hoc|ARM.ActiveCfg = Release|Any CPU
		{74D34D2F-6928-45EF-8664-92F27D6D334A}.Ad-Hoc|ARM.Build.0 = Release|Any CPU
		{74D34D2F-6928-45EF-8664-92F27D6D334A}.Ad-Hoc|ARM.Deploy.0 = Release|Any CPU
		{74D34D2F-6928-45EF-8664-92F27D6D334A}.Ad-Hoc|iPhone.ActiveCfg = Release|Any CPU
		{74D34D2F-6928-45EF-8664-92F27D6D334A}.Ad-Hoc|iPhone.Build.0 = Release|Any CPU
		{74D34D2F-6928-45EF-8664-92F27D6D334A}.Ad-Hoc|iPhone.Deploy.0 = Release|Any CPU
		{74D34D2F-6928-45EF-8664-92F27D6D334A}.Ad-Hoc|iPhoneSimulator.ActiveCfg = Release|Any CPU
		{74D34D2F-6928-45EF-8664-92F27D6D334A}.Ad-Hoc|iPhoneSimulator.Build.0 = Release|Any CPU
		{74D34D2F-6928-45EF-8664-92F27D6D334A}.Ad-Hoc|iPhoneSimulator.Deploy.0 = Release|Any CPU
		{74D34D2F-6928-45EF-8664-92F27D6D334A}.Ad-Hoc|x64.ActiveCfg = Release|Any CPU
		{74D34D2F-6928-45EF-8664-92F27D6D334A}.Ad-Hoc|x64.Build.0 = Release|Any CPU
		{74D34D2F-6928-45EF-8664-92F27D6D334A}.Ad-Hoc|x64.Deploy.0 = Release|Any CPU
		{74D34D2F-6928-45EF-8664-92F27D6D334A}.Ad-Hoc|x86.ActiveCfg = Release|Any CPU
		{74D34D2F-6928-45EF-8664-92F27D6D334A}.Ad-Hoc|x86.Build.0 = Release|Any CPU
		{74D34D2F-6928-45EF-8664-92F27D6D334A}.Ad-Hoc|x86.Deploy.0 = Release|Any CPU
		{74D34D2F-6928-45EF-8664-92F27D6D334A}.AppStore|Any CPU.ActiveCfg = Release|Any CPU
		{74D34D2F-6928-45EF-8664-92F27D6D334A}.AppStore|Any CPU.Build.0 = Release|Any CPU
		{74D34D2F-6928-45EF-8664-92F27D6D334A}.AppStore|Any CPU.Deploy.0 = Release|Any CPU
		{74D34D2F-6928-45EF-8664-92F27D6D334A}.AppStore|ARM.ActiveCfg = Release|Any CPU
		{74D34D2F-6928-45EF-8664-92F27D6D334A}.AppStore|ARM.Build.0 = Release|Any CPU
		{74D34D2F-6928-45EF-8664-92F27D6D334A}.AppStore|ARM.Deploy.0 = Release|Any CPU
		{74D34D2F-6928-45EF-8664-92F27D6D334A}.AppStore|iPhone.ActiveCfg = Release|Any CPU
		{74D34D2F-6928-45EF-8664-92F27D6D334A}.AppStore|iPhone.Build.0 = Release|Any CPU
		{74D34D2F-6928-45EF-8664-92F27D6D334A}.AppStore|iPhone.Deploy.0 = Release|Any CPU
		{74D34D2F-6928-45EF-8664-92F27D6D334A}.AppStore|iPhoneSimulator.ActiveCfg = Release|Any CPU
		{74D34D2F-6928-45EF-8664-92F27D6D334A}.AppStore|iPhoneSimulator.Build.0 = Release|Any CPU
		{74D34D2F-6928-45EF-8664-92F27D6D334A}.AppStore|iPhoneSimulator.Deploy.0 = Release|Any CPU
		{74D34D2F-6928-45EF-8664-92F27D6D334A}.AppStore|x64.ActiveCfg = Release|Any CPU
		{74D34D2F-6928-45EF-8664-92F27D6D334A}.AppStore|x64.Build.0 = Release|Any CPU
		{74D34D2F-6928-45EF-8664-92F27D6D334A}.AppStore|x64.Deploy.0 = Release|Any CPU
		{74D34D2F-6928-45EF-8664-92F27D6D334A}.AppStore|x86.ActiveCfg = Release|Any CPU
		{74D34D2F-6928-45EF-8664-92F27D6D334A}.AppStore|x86.Build.0 = Release|Any CPU
		{74D34D2F-6928-45EF-8664-92F27D6D334A}.AppStore|x86.Deploy.0 = Release|Any CPU
		{74D34D2F-6928-45EF-8664-92F27D6D334A}.Debug|Any CPU.ActiveCfg = Debug|Any CPU
		{74D34D2F-6928-45EF-8664-92F27D6D334A}.Debug|Any CPU.Build.0 = Debug|Any CPU
		{74D34D2F-6928-45EF-8664-92F27D6D334A}.Debug|Any CPU.Deploy.0 = Debug|Any CPU
		{74D34D2F-6928-45EF-8664-92F27D6D334A}.Debug|ARM.ActiveCfg = Debug|Any CPU
		{74D34D2F-6928-45EF-8664-92F27D6D334A}.Debug|ARM.Build.0 = Debug|Any CPU
		{74D34D2F-6928-45EF-8664-92F27D6D334A}.Debug|ARM.Deploy.0 = Debug|Any CPU
		{74D34D2F-6928-45EF-8664-92F27D6D334A}.Debug|iPhone.ActiveCfg = Debug|Any CPU
		{74D34D2F-6928-45EF-8664-92F27D6D334A}.Debug|iPhone.Build.0 = Debug|Any CPU
		{74D34D2F-6928-45EF-8664-92F27D6D334A}.Debug|iPhone.Deploy.0 = Debug|Any CPU
		{74D34D2F-6928-45EF-8664-92F27D6D334A}.Debug|iPhoneSimulator.ActiveCfg = Debug|Any CPU
		{74D34D2F-6928-45EF-8664-92F27D6D334A}.Debug|iPhoneSimulator.Build.0 = Debug|Any CPU
		{74D34D2F-6928-45EF-8664-92F27D6D334A}.Debug|iPhoneSimulator.Deploy.0 = Debug|Any CPU
		{74D34D2F-6928-45EF-8664-92F27D6D334A}.Debug|x64.ActiveCfg = Debug|Any CPU
		{74D34D2F-6928-45EF-8664-92F27D6D334A}.Debug|x64.Build.0 = Debug|Any CPU
		{74D34D2F-6928-45EF-8664-92F27D6D334A}.Debug|x64.Deploy.0 = Debug|Any CPU
		{74D34D2F-6928-45EF-8664-92F27D6D334A}.Debug|x86.ActiveCfg = Debug|Any CPU
		{74D34D2F-6928-45EF-8664-92F27D6D334A}.Debug|x86.Build.0 = Debug|Any CPU
		{74D34D2F-6928-45EF-8664-92F27D6D334A}.Debug|x86.Deploy.0 = Debug|Any CPU
		{74D34D2F-6928-45EF-8664-92F27D6D334A}.Release|Any CPU.ActiveCfg = Release|Any CPU
		{74D34D2F-6928-45EF-8664-92F27D6D334A}.Release|Any CPU.Build.0 = Release|Any CPU
		{74D34D2F-6928-45EF-8664-92F27D6D334A}.Release|Any CPU.Deploy.0 = Release|Any CPU
		{74D34D2F-6928-45EF-8664-92F27D6D334A}.Release|ARM.ActiveCfg = Release|Any CPU
		{74D34D2F-6928-45EF-8664-92F27D6D334A}.Release|ARM.Build.0 = Release|Any CPU
		{74D34D2F-6928-45EF-8664-92F27D6D334A}.Release|ARM.Deploy.0 = Release|Any CPU
		{74D34D2F-6928-45EF-8664-92F27D6D334A}.Release|iPhone.ActiveCfg = Release|Any CPU
		{74D34D2F-6928-45EF-8664-92F27D6D334A}.Release|iPhone.Build.0 = Release|Any CPU
		{74D34D2F-6928-45EF-8664-92F27D6D334A}.Release|iPhone.Deploy.0 = Release|Any CPU
		{74D34D2F-6928-45EF-8664-92F27D6D334A}.Release|iPhoneSimulator.ActiveCfg = Release|Any CPU
		{74D34D2F-6928-45EF-8664-92F27D6D334A}.Release|iPhoneSimulator.Build.0 = Release|Any CPU
		{74D34D2F-6928-45EF-8664-92F27D6D334A}.Release|iPhoneSimulator.Deploy.0 = Release|Any CPU
		{74D34D2F-6928-45EF-8664-92F27D6D334A}.Release|x64.ActiveCfg = Release|Any CPU
		{74D34D2F-6928-45EF-8664-92F27D6D334A}.Release|x64.Build.0 = Release|Any CPU
		{74D34D2F-6928-45EF-8664-92F27D6D334A}.Release|x64.Deploy.0 = Release|Any CPU
		{74D34D2F-6928-45EF-8664-92F27D6D334A}.Release|x86.ActiveCfg = Release|Any CPU
		{74D34D2F-6928-45EF-8664-92F27D6D334A}.Release|x86.Build.0 = Release|Any CPU
		{74D34D2F-6928-45EF-8664-92F27D6D334A}.Release|x86.Deploy.0 = Release|Any CPU
		{72472636-6415-4384-BF06-91EAF0C5C0DB}.Ad-Hoc|Any CPU.ActiveCfg = Ad-Hoc|iPhone
		{72472636-6415-4384-BF06-91EAF0C5C0DB}.Ad-Hoc|Any CPU.Build.0 = Ad-Hoc|iPhone
		{72472636-6415-4384-BF06-91EAF0C5C0DB}.Ad-Hoc|Any CPU.Deploy.0 = Ad-Hoc|iPhone
		{72472636-6415-4384-BF06-91EAF0C5C0DB}.Ad-Hoc|ARM.ActiveCfg = Ad-Hoc|iPhone
		{72472636-6415-4384-BF06-91EAF0C5C0DB}.Ad-Hoc|ARM.Build.0 = Ad-Hoc|iPhone
		{72472636-6415-4384-BF06-91EAF0C5C0DB}.Ad-Hoc|ARM.Deploy.0 = Ad-Hoc|iPhone
		{72472636-6415-4384-BF06-91EAF0C5C0DB}.Ad-Hoc|iPhone.ActiveCfg = Ad-Hoc|iPhone
		{72472636-6415-4384-BF06-91EAF0C5C0DB}.Ad-Hoc|iPhone.Build.0 = Ad-Hoc|iPhone
		{72472636-6415-4384-BF06-91EAF0C5C0DB}.Ad-Hoc|iPhone.Deploy.0 = Ad-Hoc|iPhone
		{72472636-6415-4384-BF06-91EAF0C5C0DB}.Ad-Hoc|iPhoneSimulator.ActiveCfg = Ad-Hoc|iPhoneSimulator
		{72472636-6415-4384-BF06-91EAF0C5C0DB}.Ad-Hoc|iPhoneSimulator.Build.0 = Ad-Hoc|iPhoneSimulator
		{72472636-6415-4384-BF06-91EAF0C5C0DB}.Ad-Hoc|iPhoneSimulator.Deploy.0 = Ad-Hoc|iPhoneSimulator
		{72472636-6415-4384-BF06-91EAF0C5C0DB}.Ad-Hoc|x64.ActiveCfg = Ad-Hoc|iPhone
		{72472636-6415-4384-BF06-91EAF0C5C0DB}.Ad-Hoc|x64.Build.0 = Ad-Hoc|iPhone
		{72472636-6415-4384-BF06-91EAF0C5C0DB}.Ad-Hoc|x64.Deploy.0 = Ad-Hoc|iPhone
		{72472636-6415-4384-BF06-91EAF0C5C0DB}.Ad-Hoc|x86.ActiveCfg = Ad-Hoc|iPhone
		{72472636-6415-4384-BF06-91EAF0C5C0DB}.Ad-Hoc|x86.Build.0 = Ad-Hoc|iPhone
		{72472636-6415-4384-BF06-91EAF0C5C0DB}.Ad-Hoc|x86.Deploy.0 = Ad-Hoc|iPhone
		{72472636-6415-4384-BF06-91EAF0C5C0DB}.AppStore|Any CPU.ActiveCfg = AppStore|iPhone
		{72472636-6415-4384-BF06-91EAF0C5C0DB}.AppStore|Any CPU.Build.0 = AppStore|iPhone
		{72472636-6415-4384-BF06-91EAF0C5C0DB}.AppStore|Any CPU.Deploy.0 = AppStore|iPhone
		{72472636-6415-4384-BF06-91EAF0C5C0DB}.AppStore|ARM.ActiveCfg = AppStore|iPhone
		{72472636-6415-4384-BF06-91EAF0C5C0DB}.AppStore|ARM.Build.0 = AppStore|iPhone
		{72472636-6415-4384-BF06-91EAF0C5C0DB}.AppStore|ARM.Deploy.0 = AppStore|iPhone
		{72472636-6415-4384-BF06-91EAF0C5C0DB}.AppStore|iPhone.ActiveCfg = AppStore|iPhone
		{72472636-6415-4384-BF06-91EAF0C5C0DB}.AppStore|iPhone.Build.0 = AppStore|iPhone
		{72472636-6415-4384-BF06-91EAF0C5C0DB}.AppStore|iPhone.Deploy.0 = AppStore|iPhone
		{72472636-6415-4384-BF06-91EAF0C5C0DB}.AppStore|iPhoneSimulator.ActiveCfg = AppStore|iPhoneSimulator
		{72472636-6415-4384-BF06-91EAF0C5C0DB}.AppStore|iPhoneSimulator.Build.0 = AppStore|iPhoneSimulator
		{72472636-6415-4384-BF06-91EAF0C5C0DB}.AppStore|iPhoneSimulator.Deploy.0 = AppStore|iPhoneSimulator
		{72472636-6415-4384-BF06-91EAF0C5C0DB}.AppStore|x64.ActiveCfg = AppStore|iPhone
		{72472636-6415-4384-BF06-91EAF0C5C0DB}.AppStore|x64.Build.0 = AppStore|iPhone
		{72472636-6415-4384-BF06-91EAF0C5C0DB}.AppStore|x64.Deploy.0 = AppStore|iPhone
		{72472636-6415-4384-BF06-91EAF0C5C0DB}.AppStore|x86.ActiveCfg = AppStore|iPhone
		{72472636-6415-4384-BF06-91EAF0C5C0DB}.AppStore|x86.Build.0 = AppStore|iPhone
		{72472636-6415-4384-BF06-91EAF0C5C0DB}.AppStore|x86.Deploy.0 = AppStore|iPhone
		{72472636-6415-4384-BF06-91EAF0C5C0DB}.Debug|Any CPU.ActiveCfg = Debug|iPhoneSimulator
		{72472636-6415-4384-BF06-91EAF0C5C0DB}.Debug|Any CPU.Build.0 = Debug|iPhoneSimulator
		{72472636-6415-4384-BF06-91EAF0C5C0DB}.Debug|Any CPU.Deploy.0 = Debug|iPhoneSimulator
		{72472636-6415-4384-BF06-91EAF0C5C0DB}.Debug|ARM.ActiveCfg = Debug|iPhone
		{72472636-6415-4384-BF06-91EAF0C5C0DB}.Debug|ARM.Build.0 = Debug|iPhone
		{72472636-6415-4384-BF06-91EAF0C5C0DB}.Debug|ARM.Deploy.0 = Debug|iPhone
		{72472636-6415-4384-BF06-91EAF0C5C0DB}.Debug|iPhone.ActiveCfg = Debug|iPhone
		{72472636-6415-4384-BF06-91EAF0C5C0DB}.Debug|iPhone.Build.0 = Debug|iPhone
		{72472636-6415-4384-BF06-91EAF0C5C0DB}.Debug|iPhone.Deploy.0 = Debug|iPhone
		{72472636-6415-4384-BF06-91EAF0C5C0DB}.Debug|iPhoneSimulator.ActiveCfg = Debug|iPhoneSimulator
		{72472636-6415-4384-BF06-91EAF0C5C0DB}.Debug|iPhoneSimulator.Build.0 = Debug|iPhoneSimulator
		{72472636-6415-4384-BF06-91EAF0C5C0DB}.Debug|iPhoneSimulator.Deploy.0 = Debug|iPhoneSimulator
		{72472636-6415-4384-BF06-91EAF0C5C0DB}.Debug|x64.ActiveCfg = Debug|iPhone
		{72472636-6415-4384-BF06-91EAF0C5C0DB}.Debug|x64.Build.0 = Debug|iPhone
		{72472636-6415-4384-BF06-91EAF0C5C0DB}.Debug|x64.Deploy.0 = Debug|iPhone
		{72472636-6415-4384-BF06-91EAF0C5C0DB}.Debug|x86.ActiveCfg = Debug|iPhone
		{72472636-6415-4384-BF06-91EAF0C5C0DB}.Debug|x86.Build.0 = Debug|iPhone
		{72472636-6415-4384-BF06-91EAF0C5C0DB}.Debug|x86.Deploy.0 = Debug|iPhone
		{72472636-6415-4384-BF06-91EAF0C5C0DB}.Release|Any CPU.ActiveCfg = Release|iPhone
		{72472636-6415-4384-BF06-91EAF0C5C0DB}.Release|Any CPU.Build.0 = Release|iPhone
		{72472636-6415-4384-BF06-91EAF0C5C0DB}.Release|Any CPU.Deploy.0 = Release|iPhone
		{72472636-6415-4384-BF06-91EAF0C5C0DB}.Release|ARM.ActiveCfg = Release|iPhone
		{72472636-6415-4384-BF06-91EAF0C5C0DB}.Release|ARM.Build.0 = Release|iPhone
		{72472636-6415-4384-BF06-91EAF0C5C0DB}.Release|ARM.Deploy.0 = Release|iPhone
		{72472636-6415-4384-BF06-91EAF0C5C0DB}.Release|iPhone.ActiveCfg = Release|iPhone
		{72472636-6415-4384-BF06-91EAF0C5C0DB}.Release|iPhone.Build.0 = Release|iPhone
		{72472636-6415-4384-BF06-91EAF0C5C0DB}.Release|iPhone.Deploy.0 = Release|iPhone
		{72472636-6415-4384-BF06-91EAF0C5C0DB}.Release|iPhoneSimulator.ActiveCfg = Release|iPhoneSimulator
		{72472636-6415-4384-BF06-91EAF0C5C0DB}.Release|iPhoneSimulator.Build.0 = Release|iPhoneSimulator
		{72472636-6415-4384-BF06-91EAF0C5C0DB}.Release|iPhoneSimulator.Deploy.0 = Release|iPhoneSimulator
		{72472636-6415-4384-BF06-91EAF0C5C0DB}.Release|x64.ActiveCfg = Release|iPhone
		{72472636-6415-4384-BF06-91EAF0C5C0DB}.Release|x64.Build.0 = Release|iPhone
		{72472636-6415-4384-BF06-91EAF0C5C0DB}.Release|x64.Deploy.0 = Release|iPhone
		{72472636-6415-4384-BF06-91EAF0C5C0DB}.Release|x86.ActiveCfg = Release|iPhone
		{72472636-6415-4384-BF06-91EAF0C5C0DB}.Release|x86.Build.0 = Release|iPhone
		{72472636-6415-4384-BF06-91EAF0C5C0DB}.Release|x86.Deploy.0 = Release|iPhone
		{71A73C27-7539-4A67-B6E6-02FA115AC016}.Ad-Hoc|Any CPU.ActiveCfg = Release|x86
		{71A73C27-7539-4A67-B6E6-02FA115AC016}.Ad-Hoc|Any CPU.Build.0 = Release|x86
		{71A73C27-7539-4A67-B6E6-02FA115AC016}.Ad-Hoc|Any CPU.Deploy.0 = Release|x86
		{71A73C27-7539-4A67-B6E6-02FA115AC016}.Ad-Hoc|ARM.ActiveCfg = Release|ARM
		{71A73C27-7539-4A67-B6E6-02FA115AC016}.Ad-Hoc|ARM.Build.0 = Release|ARM
		{71A73C27-7539-4A67-B6E6-02FA115AC016}.Ad-Hoc|ARM.Deploy.0 = Release|ARM
		{71A73C27-7539-4A67-B6E6-02FA115AC016}.Ad-Hoc|iPhone.ActiveCfg = Release|x86
		{71A73C27-7539-4A67-B6E6-02FA115AC016}.Ad-Hoc|iPhone.Build.0 = Release|x86
		{71A73C27-7539-4A67-B6E6-02FA115AC016}.Ad-Hoc|iPhone.Deploy.0 = Release|x86
		{71A73C27-7539-4A67-B6E6-02FA115AC016}.Ad-Hoc|iPhoneSimulator.ActiveCfg = Release|x86
		{71A73C27-7539-4A67-B6E6-02FA115AC016}.Ad-Hoc|iPhoneSimulator.Build.0 = Release|x86
		{71A73C27-7539-4A67-B6E6-02FA115AC016}.Ad-Hoc|iPhoneSimulator.Deploy.0 = Release|x86
		{71A73C27-7539-4A67-B6E6-02FA115AC016}.Ad-Hoc|x64.ActiveCfg = Release|x64
		{71A73C27-7539-4A67-B6E6-02FA115AC016}.Ad-Hoc|x64.Build.0 = Release|x64
		{71A73C27-7539-4A67-B6E6-02FA115AC016}.Ad-Hoc|x64.Deploy.0 = Release|x64
		{71A73C27-7539-4A67-B6E6-02FA115AC016}.Ad-Hoc|x86.ActiveCfg = Release|x86
		{71A73C27-7539-4A67-B6E6-02FA115AC016}.Ad-Hoc|x86.Build.0 = Release|x86
		{71A73C27-7539-4A67-B6E6-02FA115AC016}.Ad-Hoc|x86.Deploy.0 = Release|x86
		{71A73C27-7539-4A67-B6E6-02FA115AC016}.AppStore|Any CPU.ActiveCfg = Release|x86
		{71A73C27-7539-4A67-B6E6-02FA115AC016}.AppStore|Any CPU.Build.0 = Release|x86
		{71A73C27-7539-4A67-B6E6-02FA115AC016}.AppStore|Any CPU.Deploy.0 = Release|x86
		{71A73C27-7539-4A67-B6E6-02FA115AC016}.AppStore|ARM.ActiveCfg = Release|ARM
		{71A73C27-7539-4A67-B6E6-02FA115AC016}.AppStore|ARM.Build.0 = Release|ARM
		{71A73C27-7539-4A67-B6E6-02FA115AC016}.AppStore|ARM.Deploy.0 = Release|ARM
		{71A73C27-7539-4A67-B6E6-02FA115AC016}.AppStore|iPhone.ActiveCfg = Release|x86
		{71A73C27-7539-4A67-B6E6-02FA115AC016}.AppStore|iPhone.Build.0 = Release|x86
		{71A73C27-7539-4A67-B6E6-02FA115AC016}.AppStore|iPhone.Deploy.0 = Release|x86
		{71A73C27-7539-4A67-B6E6-02FA115AC016}.AppStore|iPhoneSimulator.ActiveCfg = Release|x86
		{71A73C27-7539-4A67-B6E6-02FA115AC016}.AppStore|iPhoneSimulator.Build.0 = Release|x86
		{71A73C27-7539-4A67-B6E6-02FA115AC016}.AppStore|iPhoneSimulator.Deploy.0 = Release|x86
		{71A73C27-7539-4A67-B6E6-02FA115AC016}.AppStore|x64.ActiveCfg = Release|x64
		{71A73C27-7539-4A67-B6E6-02FA115AC016}.AppStore|x64.Build.0 = Release|x64
		{71A73C27-7539-4A67-B6E6-02FA115AC016}.AppStore|x64.Deploy.0 = Release|x64
		{71A73C27-7539-4A67-B6E6-02FA115AC016}.AppStore|x86.ActiveCfg = Release|x86
		{71A73C27-7539-4A67-B6E6-02FA115AC016}.AppStore|x86.Build.0 = Release|x86
		{71A73C27-7539-4A67-B6E6-02FA115AC016}.AppStore|x86.Deploy.0 = Release|x86
		{71A73C27-7539-4A67-B6E6-02FA115AC016}.Debug|Any CPU.ActiveCfg = Debug|x86
		{71A73C27-7539-4A67-B6E6-02FA115AC016}.Debug|Any CPU.Build.0 = Debug|x86
		{71A73C27-7539-4A67-B6E6-02FA115AC016}.Debug|Any CPU.Deploy.0 = Debug|x86
		{71A73C27-7539-4A67-B6E6-02FA115AC016}.Debug|ARM.ActiveCfg = Debug|ARM
		{71A73C27-7539-4A67-B6E6-02FA115AC016}.Debug|ARM.Build.0 = Debug|ARM
		{71A73C27-7539-4A67-B6E6-02FA115AC016}.Debug|ARM.Deploy.0 = Debug|ARM
		{71A73C27-7539-4A67-B6E6-02FA115AC016}.Debug|iPhone.ActiveCfg = Debug|x86
		{71A73C27-7539-4A67-B6E6-02FA115AC016}.Debug|iPhone.Build.0 = Debug|x86
		{71A73C27-7539-4A67-B6E6-02FA115AC016}.Debug|iPhone.Deploy.0 = Debug|x86
		{71A73C27-7539-4A67-B6E6-02FA115AC016}.Debug|iPhoneSimulator.ActiveCfg = Debug|x86
		{71A73C27-7539-4A67-B6E6-02FA115AC016}.Debug|iPhoneSimulator.Build.0 = Debug|x86
		{71A73C27-7539-4A67-B6E6-02FA115AC016}.Debug|iPhoneSimulator.Deploy.0 = Debug|x86
		{71A73C27-7539-4A67-B6E6-02FA115AC016}.Debug|x64.ActiveCfg = Debug|x64
		{71A73C27-7539-4A67-B6E6-02FA115AC016}.Debug|x64.Build.0 = Debug|x64
		{71A73C27-7539-4A67-B6E6-02FA115AC016}.Debug|x64.Deploy.0 = Debug|x64
		{71A73C27-7539-4A67-B6E6-02FA115AC016}.Debug|x86.ActiveCfg = Debug|x86
		{71A73C27-7539-4A67-B6E6-02FA115AC016}.Debug|x86.Build.0 = Debug|x86
		{71A73C27-7539-4A67-B6E6-02FA115AC016}.Debug|x86.Deploy.0 = Debug|x86
		{71A73C27-7539-4A67-B6E6-02FA115AC016}.Release|Any CPU.ActiveCfg = Release|x86
		{71A73C27-7539-4A67-B6E6-02FA115AC016}.Release|Any CPU.Build.0 = Release|x86
		{71A73C27-7539-4A67-B6E6-02FA115AC016}.Release|Any CPU.Deploy.0 = Release|x86
		{71A73C27-7539-4A67-B6E6-02FA115AC016}.Release|ARM.ActiveCfg = Release|ARM
		{71A73C27-7539-4A67-B6E6-02FA115AC016}.Release|ARM.Build.0 = Release|ARM
		{71A73C27-7539-4A67-B6E6-02FA115AC016}.Release|ARM.Deploy.0 = Release|ARM
		{71A73C27-7539-4A67-B6E6-02FA115AC016}.Release|iPhone.ActiveCfg = Release|x86
		{71A73C27-7539-4A67-B6E6-02FA115AC016}.Release|iPhone.Build.0 = Release|x86
		{71A73C27-7539-4A67-B6E6-02FA115AC016}.Release|iPhone.Deploy.0 = Release|x86
		{71A73C27-7539-4A67-B6E6-02FA115AC016}.Release|iPhoneSimulator.ActiveCfg = Release|x86
		{71A73C27-7539-4A67-B6E6-02FA115AC016}.Release|iPhoneSimulator.Build.0 = Release|x86
		{71A73C27-7539-4A67-B6E6-02FA115AC016}.Release|iPhoneSimulator.Deploy.0 = Release|x86
		{71A73C27-7539-4A67-B6E6-02FA115AC016}.Release|x64.ActiveCfg = Release|x64
		{71A73C27-7539-4A67-B6E6-02FA115AC016}.Release|x64.Build.0 = Release|x64
		{71A73C27-7539-4A67-B6E6-02FA115AC016}.Release|x64.Deploy.0 = Release|x64
		{71A73C27-7539-4A67-B6E6-02FA115AC016}.Release|x86.ActiveCfg = Release|x86
		{71A73C27-7539-4A67-B6E6-02FA115AC016}.Release|x86.Build.0 = Release|x86
		{71A73C27-7539-4A67-B6E6-02FA115AC016}.Release|x86.Deploy.0 = Release|x86
		{390C20A7-A370-4276-8984-F570C42BEE4B}.Ad-Hoc|Any CPU.ActiveCfg = Debug|Any CPU
		{390C20A7-A370-4276-8984-F570C42BEE4B}.Ad-Hoc|Any CPU.Build.0 = Debug|Any CPU
		{390C20A7-A370-4276-8984-F570C42BEE4B}.Ad-Hoc|Any CPU.Deploy.0 = Debug|Any CPU
		{390C20A7-A370-4276-8984-F570C42BEE4B}.Ad-Hoc|ARM.ActiveCfg = Debug|Any CPU
		{390C20A7-A370-4276-8984-F570C42BEE4B}.Ad-Hoc|ARM.Build.0 = Debug|Any CPU
		{390C20A7-A370-4276-8984-F570C42BEE4B}.Ad-Hoc|ARM.Deploy.0 = Debug|Any CPU
		{390C20A7-A370-4276-8984-F570C42BEE4B}.Ad-Hoc|iPhone.ActiveCfg = Debug|Any CPU
		{390C20A7-A370-4276-8984-F570C42BEE4B}.Ad-Hoc|iPhone.Build.0 = Debug|Any CPU
		{390C20A7-A370-4276-8984-F570C42BEE4B}.Ad-Hoc|iPhone.Deploy.0 = Debug|Any CPU
		{390C20A7-A370-4276-8984-F570C42BEE4B}.Ad-Hoc|iPhoneSimulator.ActiveCfg = Debug|Any CPU
		{390C20A7-A370-4276-8984-F570C42BEE4B}.Ad-Hoc|iPhoneSimulator.Build.0 = Debug|Any CPU
		{390C20A7-A370-4276-8984-F570C42BEE4B}.Ad-Hoc|iPhoneSimulator.Deploy.0 = Debug|Any CPU
		{390C20A7-A370-4276-8984-F570C42BEE4B}.Ad-Hoc|x64.ActiveCfg = Debug|Any CPU
		{390C20A7-A370-4276-8984-F570C42BEE4B}.Ad-Hoc|x64.Build.0 = Debug|Any CPU
		{390C20A7-A370-4276-8984-F570C42BEE4B}.Ad-Hoc|x64.Deploy.0 = Debug|Any CPU
		{390C20A7-A370-4276-8984-F570C42BEE4B}.Ad-Hoc|x86.ActiveCfg = Debug|Any CPU
		{390C20A7-A370-4276-8984-F570C42BEE4B}.Ad-Hoc|x86.Build.0 = Debug|Any CPU
		{390C20A7-A370-4276-8984-F570C42BEE4B}.Ad-Hoc|x86.Deploy.0 = Debug|Any CPU
		{390C20A7-A370-4276-8984-F570C42BEE4B}.AppStore|Any CPU.ActiveCfg = Debug|Any CPU
		{390C20A7-A370-4276-8984-F570C42BEE4B}.AppStore|Any CPU.Build.0 = Debug|Any CPU
		{390C20A7-A370-4276-8984-F570C42BEE4B}.AppStore|Any CPU.Deploy.0 = Debug|Any CPU
		{390C20A7-A370-4276-8984-F570C42BEE4B}.AppStore|ARM.ActiveCfg = Debug|Any CPU
		{390C20A7-A370-4276-8984-F570C42BEE4B}.AppStore|ARM.Build.0 = Debug|Any CPU
		{390C20A7-A370-4276-8984-F570C42BEE4B}.AppStore|ARM.Deploy.0 = Debug|Any CPU
		{390C20A7-A370-4276-8984-F570C42BEE4B}.AppStore|iPhone.ActiveCfg = Debug|Any CPU
		{390C20A7-A370-4276-8984-F570C42BEE4B}.AppStore|iPhone.Build.0 = Debug|Any CPU
		{390C20A7-A370-4276-8984-F570C42BEE4B}.AppStore|iPhone.Deploy.0 = Debug|Any CPU
		{390C20A7-A370-4276-8984-F570C42BEE4B}.AppStore|iPhoneSimulator.ActiveCfg = Debug|Any CPU
		{390C20A7-A370-4276-8984-F570C42BEE4B}.AppStore|iPhoneSimulator.Build.0 = Debug|Any CPU
		{390C20A7-A370-4276-8984-F570C42BEE4B}.AppStore|iPhoneSimulator.Deploy.0 = Debug|Any CPU
		{390C20A7-A370-4276-8984-F570C42BEE4B}.AppStore|x64.ActiveCfg = Debug|Any CPU
		{390C20A7-A370-4276-8984-F570C42BEE4B}.AppStore|x64.Build.0 = Debug|Any CPU
		{390C20A7-A370-4276-8984-F570C42BEE4B}.AppStore|x64.Deploy.0 = Debug|Any CPU
		{390C20A7-A370-4276-8984-F570C42BEE4B}.AppStore|x86.ActiveCfg = Debug|Any CPU
		{390C20A7-A370-4276-8984-F570C42BEE4B}.AppStore|x86.Build.0 = Debug|Any CPU
		{390C20A7-A370-4276-8984-F570C42BEE4B}.AppStore|x86.Deploy.0 = Debug|Any CPU
		{390C20A7-A370-4276-8984-F570C42BEE4B}.Debug|Any CPU.ActiveCfg = Debug|Any CPU
		{390C20A7-A370-4276-8984-F570C42BEE4B}.Debug|Any CPU.Build.0 = Debug|Any CPU
		{390C20A7-A370-4276-8984-F570C42BEE4B}.Debug|Any CPU.Deploy.0 = Debug|Any CPU
		{390C20A7-A370-4276-8984-F570C42BEE4B}.Debug|ARM.ActiveCfg = Debug|Any CPU
		{390C20A7-A370-4276-8984-F570C42BEE4B}.Debug|ARM.Build.0 = Debug|Any CPU
		{390C20A7-A370-4276-8984-F570C42BEE4B}.Debug|ARM.Deploy.0 = Debug|Any CPU
		{390C20A7-A370-4276-8984-F570C42BEE4B}.Debug|iPhone.ActiveCfg = Debug|Any CPU
		{390C20A7-A370-4276-8984-F570C42BEE4B}.Debug|iPhone.Build.0 = Debug|Any CPU
		{390C20A7-A370-4276-8984-F570C42BEE4B}.Debug|iPhone.Deploy.0 = Debug|Any CPU
		{390C20A7-A370-4276-8984-F570C42BEE4B}.Debug|iPhoneSimulator.ActiveCfg = Debug|Any CPU
		{390C20A7-A370-4276-8984-F570C42BEE4B}.Debug|iPhoneSimulator.Build.0 = Debug|Any CPU
		{390C20A7-A370-4276-8984-F570C42BEE4B}.Debug|iPhoneSimulator.Deploy.0 = Debug|Any CPU
		{390C20A7-A370-4276-8984-F570C42BEE4B}.Debug|x64.ActiveCfg = Debug|Any CPU
		{390C20A7-A370-4276-8984-F570C42BEE4B}.Debug|x64.Build.0 = Debug|Any CPU
		{390C20A7-A370-4276-8984-F570C42BEE4B}.Debug|x64.Deploy.0 = Debug|Any CPU
		{390C20A7-A370-4276-8984-F570C42BEE4B}.Debug|x86.ActiveCfg = Debug|Any CPU
		{390C20A7-A370-4276-8984-F570C42BEE4B}.Debug|x86.Build.0 = Debug|Any CPU
		{390C20A7-A370-4276-8984-F570C42BEE4B}.Debug|x86.Deploy.0 = Debug|Any CPU
		{390C20A7-A370-4276-8984-F570C42BEE4B}.Release|Any CPU.ActiveCfg = Release|Any CPU
		{390C20A7-A370-4276-8984-F570C42BEE4B}.Release|Any CPU.Build.0 = Release|Any CPU
		{390C20A7-A370-4276-8984-F570C42BEE4B}.Release|Any CPU.Deploy.0 = Release|Any CPU
		{390C20A7-A370-4276-8984-F570C42BEE4B}.Release|ARM.ActiveCfg = Release|Any CPU
		{390C20A7-A370-4276-8984-F570C42BEE4B}.Release|ARM.Build.0 = Release|Any CPU
		{390C20A7-A370-4276-8984-F570C42BEE4B}.Release|ARM.Deploy.0 = Release|Any CPU
		{390C20A7-A370-4276-8984-F570C42BEE4B}.Release|iPhone.ActiveCfg = Release|Any CPU
		{390C20A7-A370-4276-8984-F570C42BEE4B}.Release|iPhone.Build.0 = Release|Any CPU
		{390C20A7-A370-4276-8984-F570C42BEE4B}.Release|iPhone.Deploy.0 = Release|Any CPU
		{390C20A7-A370-4276-8984-F570C42BEE4B}.Release|iPhoneSimulator.ActiveCfg = Release|Any CPU
		{390C20A7-A370-4276-8984-F570C42BEE4B}.Release|iPhoneSimulator.Build.0 = Release|Any CPU
		{390C20A7-A370-4276-8984-F570C42BEE4B}.Release|iPhoneSimulator.Deploy.0 = Release|Any CPU
		{390C20A7-A370-4276-8984-F570C42BEE4B}.Release|x64.ActiveCfg = Release|Any CPU
		{390C20A7-A370-4276-8984-F570C42BEE4B}.Release|x64.Build.0 = Release|Any CPU
		{390C20A7-A370-4276-8984-F570C42BEE4B}.Release|x64.Deploy.0 = Release|Any CPU
		{390C20A7-A370-4276-8984-F570C42BEE4B}.Release|x86.ActiveCfg = Release|Any CPU
		{390C20A7-A370-4276-8984-F570C42BEE4B}.Release|x86.Build.0 = Release|Any CPU
		{390C20A7-A370-4276-8984-F570C42BEE4B}.Release|x86.Deploy.0 = Release|Any CPU
	EndGlobalSection
	GlobalSection(SolutionProperties) = preSolution
		HideSolutionNode = FALSE
	EndGlobalSection
	GlobalSection(ExtensibilityGlobals) = postSolution
		SolutionGuid = {B81B40B7-90DB-44E5-B1B9-3131A55A4764}
	EndGlobalSection
EndGlobal
